{
  "name": "CS341FinalProject",
  "lockfileVersion": 2,
  "requires": true,
  "packages": {
    "": {
      "dependencies": {
        "ngx-simple-modal": "^1.4.17"
      }
    },
    "node_modules/ngx-simple-modal": {
      "version": "1.4.17",
      "resolved": "https://registry.npmjs.org/ngx-simple-modal/-/ngx-simple-modal-1.4.17.tgz",
      "integrity": "sha512-KhaJQ/oXv0XB31X3eXqew9NgVI3aAqd0qa7CTuO6sI8ZHXXnMbdIIXD+MYAafXZsuCGVZ9Z6lVS2NcegYqEo0w==",
      "dependencies": {
        "tslib": "^1.9.0"
      }
    },
    "node_modules/tslib": {
      "version": "1.14.1",
      "resolved": "https://registry.npmjs.org/tslib/-/tslib-1.14.1.tgz",
      "integrity": "sha512-Xni35NKzjgMrwevysHTCArtLDpPvye8zV/0E4EyYn43P7/7qvQwPh9BGkHewbMulVntbigmcT7rdX3BNo9wRJg=="
    }
  },
  "dependencies": {
    "ngx-simple-modal": {
      "version": "1.4.17",
      "resolved": "https://registry.npmjs.org/ngx-simple-modal/-/ngx-simple-modal-1.4.17.tgz",
      "integrity": "sha512-KhaJQ/oXv0XB31X3eXqew9NgVI3aAqd0qa7CTuO6sI8ZHXXnMbdIIXD+MYAafXZsuCGVZ9Z6lVS2NcegYqEo0w==",
      "requires": {
        "tslib": "^1.9.0"
      }
    },
    "tslib": {
      "version": "1.14.1",
      "resolved": "https://registry.npmjs.org/tslib/-/tslib-1.14.1.tgz",
      "integrity": "sha512-Xni35NKzjgMrwevysHTCArtLDpPvye8zV/0E4EyYn43P7/7qvQwPh9BGkHewbMulVntbigmcT7rdX3BNo9wRJg=="
    }
  }
}
